
Microsoft Visual Studio Solution File, Format Version 12.00
# Visual Studio Version 16
VisualStudioVersion = 16.6.30114.105
MinimumVisualStudioVersion = 10.0.40219.1
Project("{9A19103F-16F7-4668-BE54-9A1E7A4F7556}") = "CineWeb", "CineWeb\CineWeb.csproj", "{329BD107-2B69-4867-97B8-76177CF68355}"
EndProject
Project("{9A19103F-16F7-4668-BE54-9A1E7A4F7556}") = "DomainLayer", "DomainLayer\DomainLayer.csproj", "{3C4844D6-B2EE-4889-B811-5452E7206B5F}"
EndProject
Project("{9A19103F-16F7-4668-BE54-9A1E7A4F7556}") = "RepositoryLayer", "RepositoryLayer\RepositoryLayer.csproj", "{F7C5D214-E19D-4508-A8C0-0DD86C4427EA}"
EndProject
Project("{9A19103F-16F7-4668-BE54-9A1E7A4F7556}") = "ServiceLayer", "ServiceLayer\ServiceLayer.csproj", "{2D2F7B00-2119-406B-AA2D-F6FD94B20008}"
EndProject
Global
	GlobalSection(SolutionConfigurationPlatforms) = preSolution
		Debug|Any CPU = Debug|Any CPU
		Debug|x64 = Debug|x64
		Debug|x86 = Debug|x86
		Release|Any CPU = Release|Any CPU
		Release|x64 = Release|x64
		Release|x86 = Release|x86
	EndGlobalSection
	GlobalSection(ProjectConfigurationPlatforms) = postSolution
		{329BD107-2B69-4867-97B8-76177CF68355}.Debug|Any CPU.ActiveCfg = Debug|Any CPU
		{329BD107-2B69-4867-97B8-76177CF68355}.Debug|Any CPU.Build.0 = Debug|Any CPU
		{329BD107-2B69-4867-97B8-76177CF68355}.Debug|x64.ActiveCfg = Debug|Any CPU
		{329BD107-2B69-4867-97B8-76177CF68355}.Debug|x64.Build.0 = Debug|Any CPU
		{329BD107-2B69-4867-97B8-76177CF68355}.Debug|x86.ActiveCfg = Debug|Any CPU
		{329BD107-2B69-4867-97B8-76177CF68355}.Debug|x86.Build.0 = Debug|Any CPU
		{329BD107-2B69-4867-97B8-76177CF68355}.Release|Any CPU.ActiveCfg = Release|Any CPU
		{329BD107-2B69-4867-97B8-76177CF68355}.Release|Any CPU.Build.0 = Release|Any CPU
		{329BD107-2B69-4867-97B8-76177CF68355}.Release|x64.ActiveCfg = Release|Any CPU
		{329BD107-2B69-4867-97B8-76177CF68355}.Release|x64.Build.0 = Release|Any CPU
		{329BD107-2B69-4867-97B8-76177CF68355}.Release|x86.ActiveCfg = Release|Any CPU
		{329BD107-2B69-4867-97B8-76177CF68355}.Release|x86.Build.0 = Release|Any CPU
		{3C4844D6-B2EE-4889-B811-5452E7206B5F}.Debug|Any CPU.ActiveCfg = Debug|Any CPU
		{3C4844D6-B2EE-4889-B811-5452E7206B5F}.Debug|Any CPU.Build.0 = Debug|Any CPU
		{3C4844D6-B2EE-4889-B811-5452E7206B5F}.Debug|x64.ActiveCfg = Debug|Any CPU
		{3C4844D6-B2EE-4889-B811-5452E7206B5F}.Debug|x64.Build.0 = Debug|Any CPU
		{3C4844D6-B2EE-4889-B811-5452E7206B5F}.Debug|x86.ActiveCfg = Debug|Any CPU
		{3C4844D6-B2EE-4889-B811-5452E7206B5F}.Debug|x86.Build.0 = Debug|Any CPU
		{3C4844D6-B2EE-4889-B811-5452E7206B5F}.Release|Any CPU.ActiveCfg = Release|Any CPU
		{3C4844D6-B2EE-4889-B811-5452E7206B5F}.Release|Any CPU.Build.0 = Release|Any CPU
		{3C4844D6-B2EE-4889-B811-5452E7206B5F}.Release|x64.ActiveCfg = Release|Any CPU
		{3C4844D6-B2EE-4889-B811-5452E7206B5F}.Release|x64.Build.0 = Release|Any CPU
		{3C4844D6-B2EE-4889-B811-5452E7206B5F}.Release|x86.ActiveCfg = Release|Any CPU
		{3C4844D6-B2EE-4889-B811-5452E7206B5F}.Release|x86.Build.0 = Release|Any CPU
		{F7C5D214-E19D-4508-A8C0-0DD86C4427EA}.Debug|Any CPU.ActiveCfg = Debug|Any CPU
		{F7C5D214-E19D-4508-A8C0-0DD86C4427EA}.Debug|Any CPU.Build.0 = Debug|Any CPU
		{F7C5D214-E19D-4508-A8C0-0DD86C4427EA}.Debug|x64.ActiveCfg = Debug|Any CPU
		{F7C5D214-E19D-4508-A8C0-0DD86C4427EA}.Debug|x64.Build.0 = Debug|Any CPU
		{F7C5D214-E19D-4508-A8C0-0DD86C4427EA}.Debug|x86.ActiveCfg = Debug|Any CPU
		{F7C5D214-E19D-4508-A8C0-0DD86C4427EA}.Debug|x86.Build.0 = Debug|Any CPU
		{F7C5D214-E19D-4508-A8C0-0DD86C4427EA}.Release|Any CPU.ActiveCfg = Release|Any CPU
		{F7C5D214-E19D-4508-A8C0-0DD86C4427EA}.Release|Any CPU.Build.0 = Release|Any CPU
		{F7C5D214-E19D-4508-A8C0-0DD86C4427EA}.Release|x64.ActiveCfg = Release|Any CPU
		{F7C5D214-E19D-4508-A8C0-0DD86C4427EA}.Release|x64.Build.0 = Release|Any CPU
		{F7C5D214-E19D-4508-A8C0-0DD86C4427EA}.Release|x86.ActiveCfg = Release|Any CPU
		{F7C5D214-E19D-4508-A8C0-0DD86C4427EA}.Release|x86.Build.0 = Release|Any CPU
		{2D2F7B00-2119-406B-AA2D-F6FD94B20008}.Debug|Any CPU.ActiveCfg = Debug|Any CPU
		{2D2F7B00-2119-406B-AA2D-F6FD94B20008}.Debug|Any CPU.Build.0 = Debug|Any CPU
		{2D2F7B00-2119-406B-AA2D-F6FD94B20008}.Debug|x64.ActiveCfg = Debug|Any CPU
		{2D2F7B00-2119-406B-AA2D-F6FD94B20008}.Debug|x64.Build.0 = Debug|Any CPU
		{2D2F7B00-2119-406B-AA2D-F6FD94B20008}.Debug|x86.ActiveCfg = Debug|Any CPU
		{2D2F7B00-2119-406B-AA2D-F6FD94B20008}.Debug|x86.Build.0 = Debug|Any CPU
		{2D2F7B00-2119-406B-AA2D-F6FD94B20008}.Release|Any CPU.ActiveCfg = Release|Any CPU
		{2D2F7B00-2119-406B-AA2D-F6FD94B20008}.Release|Any CPU.Build.0 = Release|Any CPU
		{2D2F7B00-2119-406B-AA2D-F6FD94B20008}.Release|x64.ActiveCfg = Release|Any CPU
		{2D2F7B00-2119-406B-AA2D-F6FD94B20008}.Release|x64.Build.0 = Release|Any CPU
		{2D2F7B00-2119-406B-AA2D-F6FD94B20008}.Release|x86.ActiveCfg = Release|Any CPU
		{2D2F7B00-2119-406B-AA2D-F6FD94B20008}.Release|x86.Build.0 = Release|Any CPU
	EndGlobalSection
	GlobalSection(SolutionProperties) = preSolution
		HideSolutionNode = FALSE
	EndGlobalSection
	GlobalSection(ExtensibilityGlobals) = postSolution
		SolutionGuid = {C2162D98-A6E2-4A3D-823D-5F59B79A02EF}
	EndGlobalSection
EndGlobal
